
Microsoft Visual Studio Solution File, Format Version 12.00
# Visual Studio Version 16
VisualStudioVersion = 16.0.31729.503
MinimumVisualStudioVersion = 10.0.40219.1
Project("{9A19103F-16F7-4668-BE54-9A1E7A4F7556}") = "Wrapper_Example", "Wrapper_Example\Wrapper_Example.csproj", "{18269877-57D5-4237-8D75-B326A041BDCF}"
	ProjectSection(ProjectDependencies) = postProject
		{0AF2C5EC-5ACB-47F6-B308-D33B97CD3BDB} = {0AF2C5EC-5ACB-47F6-B308-D33B97CD3BDB}
	EndProjectSection
EndProject
Project("{8BC9CEB8-8B4A-11D0-8D11-00A0C91BC942}") = "CAFF_Parser", "CAFF_Parser\CAFF_Parser.vcxproj", "{8E77999B-8CC9-4578-9BAF-A6854A0998F3}"
EndProject
Project("{8BC9CEB8-8B4A-11D0-8D11-00A0C91BC942}") = "CAFF_Parser_Wrapper", "CAFF_Parser_Wrapper\CAFF_Parser_Wrapper.vcxproj", "{0AF2C5EC-5ACB-47F6-B308-D33B97CD3BDB}"
	ProjectSection(ProjectDependencies) = postProject
		{8E77999B-8CC9-4578-9BAF-A6854A0998F3} = {8E77999B-8CC9-4578-9BAF-A6854A0998F3}
	EndProjectSection
EndProject
Project("{9A19103F-16F7-4668-BE54-9A1E7A4F7556}") = "TeamF_tests", "TeamF_tests\TeamF_tests.csproj", "{BBE8C225-6A32-41BD-8AAF-6513A81ED4A2}"
EndProject
Project("{9A19103F-16F7-4668-BE54-9A1E7A4F7556}") = "TeamF_Api", "TeamF_Api\TeamF_Api.csproj", "{C5476C91-7CC7-45FE-879C-C8E6F3D7366D}"
	ProjectSection(ProjectDependencies) = postProject
		{0AF2C5EC-5ACB-47F6-B308-D33B97CD3BDB} = {0AF2C5EC-5ACB-47F6-B308-D33B97CD3BDB}
	EndProjectSection
EndProject
Project("{FAE04EC0-301F-11D3-BF4B-00C04F79EFBC}") = "TeamF_Api_Test", "TeamF_Api_Test\TeamF_Api_Test.csproj", "{C76CE57A-88FB-4C26-BD19-28444BC70B06}"
EndProject
Global
	GlobalSection(SolutionConfigurationPlatforms) = preSolution
		Debug|Any CPU = Debug|Any CPU
		Debug|x64 = Debug|x64
		Release|Any CPU = Release|Any CPU
		Release|x64 = Release|x64
	EndGlobalSection
	GlobalSection(ProjectConfigurationPlatforms) = postSolution
		{18269877-57D5-4237-8D75-B326A041BDCF}.Debug|Any CPU.ActiveCfg = Debug|x86
		{18269877-57D5-4237-8D75-B326A041BDCF}.Debug|x64.ActiveCfg = Debug|x64
		{18269877-57D5-4237-8D75-B326A041BDCF}.Debug|x64.Build.0 = Debug|x64
		{18269877-57D5-4237-8D75-B326A041BDCF}.Release|Any CPU.ActiveCfg = Release|x86
		{18269877-57D5-4237-8D75-B326A041BDCF}.Release|x64.ActiveCfg = Release|x64
		{18269877-57D5-4237-8D75-B326A041BDCF}.Release|x64.Build.0 = Release|x64
		{8E77999B-8CC9-4578-9BAF-A6854A0998F3}.Debug|Any CPU.ActiveCfg = Debug|x64
		{8E77999B-8CC9-4578-9BAF-A6854A0998F3}.Debug|x64.ActiveCfg = Debug|x64
		{8E77999B-8CC9-4578-9BAF-A6854A0998F3}.Debug|x64.Build.0 = Debug|x64
		{8E77999B-8CC9-4578-9BAF-A6854A0998F3}.Release|Any CPU.ActiveCfg = Release|x64
		{8E77999B-8CC9-4578-9BAF-A6854A0998F3}.Release|x64.ActiveCfg = Release|x64
		{8E77999B-8CC9-4578-9BAF-A6854A0998F3}.Release|x64.Build.0 = Release|x64
		{0AF2C5EC-5ACB-47F6-B308-D33B97CD3BDB}.Debug|Any CPU.ActiveCfg = Debug|x64
		{0AF2C5EC-5ACB-47F6-B308-D33B97CD3BDB}.Debug|x64.ActiveCfg = Debug|x64
		{0AF2C5EC-5ACB-47F6-B308-D33B97CD3BDB}.Debug|x64.Build.0 = Debug|x64
		{0AF2C5EC-5ACB-47F6-B308-D33B97CD3BDB}.Release|Any CPU.ActiveCfg = Release|x64
		{0AF2C5EC-5ACB-47F6-B308-D33B97CD3BDB}.Release|x64.ActiveCfg = Release|x64
		{0AF2C5EC-5ACB-47F6-B308-D33B97CD3BDB}.Release|x64.Build.0 = Release|x64
		{BBE8C225-6A32-41BD-8AAF-6513A81ED4A2}.Debug|Any CPU.ActiveCfg = Debug|x86
		{BBE8C225-6A32-41BD-8AAF-6513A81ED4A2}.Debug|x64.ActiveCfg = Debug|x64
		{BBE8C225-6A32-41BD-8AAF-6513A81ED4A2}.Debug|x64.Build.0 = Debug|x64
		{BBE8C225-6A32-41BD-8AAF-6513A81ED4A2}.Release|Any CPU.ActiveCfg = Release|x86
		{BBE8C225-6A32-41BD-8AAF-6513A81ED4A2}.Release|x64.ActiveCfg = Release|x64
		{BBE8C225-6A32-41BD-8AAF-6513A81ED4A2}.Release|x64.Build.0 = Release|x64
		{C5476C91-7CC7-45FE-879C-C8E6F3D7366D}.Debug|Any CPU.ActiveCfg = Debug|x86
		{C5476C91-7CC7-45FE-879C-C8E6F3D7366D}.Debug|x64.ActiveCfg = Debug|x64
		{C5476C91-7CC7-45FE-879C-C8E6F3D7366D}.Debug|x64.Build.0 = Debug|x64
		{C5476C91-7CC7-45FE-879C-C8E6F3D7366D}.Release|Any CPU.ActiveCfg = Release|x86
		{C5476C91-7CC7-45FE-879C-C8E6F3D7366D}.Release|x64.ActiveCfg = Release|x64
		{C5476C91-7CC7-45FE-879C-C8E6F3D7366D}.Release|x64.Build.0 = Release|x64
		{C76CE57A-88FB-4C26-BD19-28444BC70B06}.Debug|Any CPU.ActiveCfg = Debug|Any CPU
		{C76CE57A-88FB-4C26-BD19-28444BC70B06}.Debug|Any CPU.Build.0 = Debug|Any CPU
		{C76CE57A-88FB-4C26-BD19-28444BC70B06}.Debug|x64.ActiveCfg = Debug|Any CPU
		{C76CE57A-88FB-4C26-BD19-28444BC70B06}.Debug|x64.Build.0 = Debug|Any CPU
		{C76CE57A-88FB-4C26-BD19-28444BC70B06}.Release|Any CPU.ActiveCfg = Release|Any CPU
		{C76CE57A-88FB-4C26-BD19-28444BC70B06}.Release|Any CPU.Build.0 = Release|Any CPU
		{C76CE57A-88FB-4C26-BD19-28444BC70B06}.Release|x64.ActiveCfg = Release|Any CPU
		{C76CE57A-88FB-4C26-BD19-28444BC70B06}.Release|x64.Build.0 = Release|Any CPU
	EndGlobalSection
	GlobalSection(SolutionProperties) = preSolution
		HideSolutionNode = FALSE
	EndGlobalSection
	GlobalSection(ExtensibilityGlobals) = postSolution
		SolutionGuid = {97A22CA2-85B3-4FBF-A02B-2E78D6732402}
	EndGlobalSection
EndGlobal
